
Microsoft Visual Studio Solution File, Format Version 12.00
Project("{FAE04EC0-301F-11D3-BF4B-00C04F79EFBC}") = "CardGame.ZuckerbergRoom.API", "CardGame.ZuckerbergRoom.API\CardGame.ZuckerbergRoom.API.csproj", "{6F011AF9-4BE9-4126-B351-66E96461DB97}"
EndProject
Project("{FAE04EC0-301F-11D3-BF4B-00C04F79EFBC}") = "CardGame.Common", "..\CardGame.Common\CardGame.Common.csproj", "{711A25EC-04B5-47CD-9BDC-951C4A546D9D}"
EndProject
Project("{FAE04EC0-301F-11D3-BF4B-00C04F79EFBC}") = "CardGame.Strategies", "..\CardGame.Strategies\CardGame.Strategies.csproj", "{AAB71470-5920-46BE-B83B-EFB1B800DB0F}"
EndProject
Project("{FAE04EC0-301F-11D3-BF4B-00C04F79EFBC}") = "CardGame.ZuckerbergRoom.Application", "CardGame.ZuckerbergRoom.Application\CardGame.ZuckerbergRoom.Application.csproj", "{B8148545-D4D0-45B3-A907-C7843C51D6DE}"
EndProject
Global
	GlobalSection(SolutionConfigurationPlatforms) = preSolution
		Debug|Any CPU = Debug|Any CPU
		Release|Any CPU = Release|Any CPU
	EndGlobalSection
	GlobalSection(ProjectConfigurationPlatforms) = postSolution
		{6F011AF9-4BE9-4126-B351-66E96461DB97}.Debug|Any CPU.ActiveCfg = Debug|Any CPU
		{6F011AF9-4BE9-4126-B351-66E96461DB97}.Debug|Any CPU.Build.0 = Debug|Any CPU
		{6F011AF9-4BE9-4126-B351-66E96461DB97}.Release|Any CPU.ActiveCfg = Release|Any CPU
		{6F011AF9-4BE9-4126-B351-66E96461DB97}.Release|Any CPU.Build.0 = Release|Any CPU
		{711A25EC-04B5-47CD-9BDC-951C4A546D9D}.Debug|Any CPU.ActiveCfg = Debug|Any CPU
		{711A25EC-04B5-47CD-9BDC-951C4A546D9D}.Debug|Any CPU.Build.0 = Debug|Any CPU
		{711A25EC-04B5-47CD-9BDC-951C4A546D9D}.Release|Any CPU.ActiveCfg = Release|Any CPU
		{711A25EC-04B5-47CD-9BDC-951C4A546D9D}.Release|Any CPU.Build.0 = Release|Any CPU
		{AAB71470-5920-46BE-B83B-EFB1B800DB0F}.Debug|Any CPU.ActiveCfg = Debug|Any CPU
		{AAB71470-5920-46BE-B83B-EFB1B800DB0F}.Debug|Any CPU.Build.0 = Debug|Any CPU
		{AAB71470-5920-46BE-B83B-EFB1B800DB0F}.Release|Any CPU.ActiveCfg = Release|Any CPU
		{AAB71470-5920-46BE-B83B-EFB1B800DB0F}.Release|Any CPU.Build.0 = Release|Any CPU
		{B8148545-D4D0-45B3-A907-C7843C51D6DE}.Debug|Any CPU.ActiveCfg = Debug|Any CPU
		{B8148545-D4D0-45B3-A907-C7843C51D6DE}.Debug|Any CPU.Build.0 = Debug|Any CPU
		{B8148545-D4D0-45B3-A907-C7843C51D6DE}.Release|Any CPU.ActiveCfg = Release|Any CPU
		{B8148545-D4D0-45B3-A907-C7843C51D6DE}.Release|Any CPU.Build.0 = Release|Any CPU
	EndGlobalSection
EndGlobal
